
Microsoft Visual Studio Solution File, Format Version 12.00
# Visual Studio Version 17
VisualStudioVersion = 17.0.32112.339
MinimumVisualStudioVersion = 10.0.40219.1
Project("{FAE04EC0-301F-11D3-BF4B-00C04F79EFBC}") = "ATFramework", "TestProject\ATFramework.csproj", "{08485D29-F84D-40F0-A68F-A86A9663BB70}"
EndProject
Global
	GlobalSection(SolutionConfigurationPlatforms) = preSolution
		Debug|Any CPU = Debug|Any CPU
		Release|Any CPU = Release|Any CPU
	EndGlobalSection
	GlobalSection(ProjectConfigurationPlatforms) = postSolution
		{08485D29-F84D-40F0-A68F-A86A9663BB70}.Debug|Any CPU.ActiveCfg = Debug|Any CPU
		{08485D29-F84D-40F0-A68F-A86A9663BB70}.Debug|Any CPU.Build.0 = Debug|Any CPU
		{08485D29-F84D-40F0-A68F-A86A9663BB70}.Release|Any CPU.ActiveCfg = Release|Any CPU
		{08485D29-F84D-40F0-A68F-A86A9663BB70}.Release|Any CPU.Build.0 = Release|Any CPU
	EndGlobalSection
	GlobalSection(SolutionProperties) = preSolution
		HideSolutionNode = FALSE
	EndGlobalSection
	GlobalSection(ExtensibilityGlobals) = postSolution
		SolutionGuid = {4BB701F1-BF19-4832-BD7A-C18A530D6DB1}
	EndGlobalSection
EndGlobal
